{
  "name": "md-survey",
  "version": "0.0.1",
  "lockfileVersion": 2,
  "requires": true,
  "packages": {
    "": {
      "version": "0.0.1",
      "license": "MIT",
      "devDependencies": {
        "@stencil/core": "^2.0.0",
        "@stencil/store": "^1.3.0",
        "stencil-router-v2": "^0.6.0"
      }
    },
    "node_modules/@stencil/core": {
      "version": "2.5.1",
      "resolved": "https://registry.npmjs.org/@stencil/core/-/core-2.5.1.tgz",
      "integrity": "sha512-SHVX/XaMYEzZJr7ttFSU9a1GmZRMUS9l7f/hbWnKYRn4S9zl1CqGf2iR/ofJ7B+vKaHLjapCAVrzCrkciVIpXA==",
      "dev": true,
      "bin": {
        "stencil": "bin/stencil"
      },
      "engines": {
        "node": ">=12.10.0",
        "npm": ">=6.0.0"
      }
    },
    "node_modules/@stencil/store": {
      "version": "1.4.1",
      "resolved": "https://registry.npmjs.org/@stencil/store/-/store-1.4.1.tgz",
      "integrity": "sha512-kAtMblucNnDNfTpSqhN9jccExgFWmOe+4U98cXZJrg/6nozNtEd92pY6s3Jko7KUrZ+1MQJU2oLwwS8VuyK3Zg==",
      "dev": true,
      "peerDependencies": {
        "@stencil/core": ">=1.9.0"
      }
    },
    "node_modules/stencil-router-v2": {
      "version": "0.6.0",
      "resolved": "https://registry.npmjs.org/stencil-router-v2/-/stencil-router-v2-0.6.0.tgz",
      "integrity": "sha512-E6ncNTIbFOleADelSQ7V/aSkZvdyTW8OKpPqxLi3AdUf8EwN0vZAMsIKHyPPS2hHLCh2/qNyVb/pbnzOszYBCw==",
      "dev": true,
      "dependencies": {
        "@stencil/store": "^1.1.0"
      },
      "peerDependencies": {
        "@stencil/core": ">=1.10.0"
      }
    }
  },
  "dependencies": {
    "@stencil/core": {
      "version": "2.5.1",
      "resolved": "https://registry.npmjs.org/@stencil/core/-/core-2.5.1.tgz",
      "integrity": "sha512-SHVX/XaMYEzZJr7ttFSU9a1GmZRMUS9l7f/hbWnKYRn4S9zl1CqGf2iR/ofJ7B+vKaHLjapCAVrzCrkciVIpXA==",
      "dev": true
    },
    "@stencil/store": {
      "version": "1.4.1",
      "resolved": "https://registry.npmjs.org/@stencil/store/-/store-1.4.1.tgz",
      "integrity": "sha512-kAtMblucNnDNfTpSqhN9jccExgFWmOe+4U98cXZJrg/6nozNtEd92pY6s3Jko7KUrZ+1MQJU2oLwwS8VuyK3Zg==",
      "dev": true,
      "requires": {}
    },
    "stencil-router-v2": {
      "version": "0.6.0",
      "resolved": "https://registry.npmjs.org/stencil-router-v2/-/stencil-router-v2-0.6.0.tgz",
      "integrity": "sha512-E6ncNTIbFOleADelSQ7V/aSkZvdyTW8OKpPqxLi3AdUf8EwN0vZAMsIKHyPPS2hHLCh2/qNyVb/pbnzOszYBCw==",
      "dev": true,
      "requires": {
        "@stencil/store": "^1.1.0"
      }
    }
  }
}
